
Microsoft Visual Studio Solution File, Format Version 11.00
# Visual Studio 2010
Project("{FAE04EC0-301F-11D3-BF4B-00C04F79EFBC}") = "Android", "Android\Android.csproj", "{BEBF76AF-22F3-43F4-965F-ED02A27631C7}"
EndProject
Global
	GlobalSection(SolutionConfigurationPlatforms) = preSolution
		Debug|iPhoneSimulator = Debug|iPhoneSimulator
		Release|iPhoneSimulator = Release|iPhoneSimulator
		Debug|iPhone = Debug|iPhone
		Release|iPhone = Release|iPhone
		Ad-Hoc|iPhone = Ad-Hoc|iPhone
		AppStore|iPhone = AppStore|iPhone
	EndGlobalSection
	GlobalSection(ProjectConfigurationPlatforms) = postSolution
		{BEBF76AF-22F3-43F4-965F-ED02A27631C7}.Ad-Hoc|iPhone.ActiveCfg = Debug|Any CPU
		{BEBF76AF-22F3-43F4-965F-ED02A27631C7}.Ad-Hoc|iPhone.Build.0 = Debug|Any CPU
		{BEBF76AF-22F3-43F4-965F-ED02A27631C7}.AppStore|iPhone.ActiveCfg = Debug|Any CPU
		{BEBF76AF-22F3-43F4-965F-ED02A27631C7}.AppStore|iPhone.Build.0 = Debug|Any CPU
		{BEBF76AF-22F3-43F4-965F-ED02A27631C7}.Debug|iPhone.ActiveCfg = Debug|Any CPU
		{BEBF76AF-22F3-43F4-965F-ED02A27631C7}.Debug|iPhone.Build.0 = Debug|Any CPU
		{BEBF76AF-22F3-43F4-965F-ED02A27631C7}.Debug|iPhoneSimulator.ActiveCfg = Debug|Any CPU
		{BEBF76AF-22F3-43F4-965F-ED02A27631C7}.Debug|iPhoneSimulator.Build.0 = Debug|Any CPU
		{BEBF76AF-22F3-43F4-965F-ED02A27631C7}.Release|iPhone.ActiveCfg = Release|Any CPU
		{BEBF76AF-22F3-43F4-965F-ED02A27631C7}.Release|iPhone.Build.0 = Release|Any CPU
		{BEBF76AF-22F3-43F4-965F-ED02A27631C7}.Release|iPhoneSimulator.ActiveCfg = Release|Any CPU
		{BEBF76AF-22F3-43F4-965F-ED02A27631C7}.Release|iPhoneSimulator.Build.0 = Release|Any CPU
	EndGlobalSection
	GlobalSection(MonoDevelopProperties) = preSolution
		StartupItem = Android\Android.csproj
	EndGlobalSection
EndGlobal
