Microsoft Visual Studio Solution File, Format Version 11.00
# Visual Studio 2010
Project("{FAE04EC0-301F-11D3-BF4B-00C04F79EFBC}") = "Lab1_v2", "Lab1_v2\Lab1_v2.csproj", "{2686D22F-6A4B-4770-B571-AFF84EF2EFA1}"
EndProject
Global
	GlobalSection(SolutionConfigurationPlatforms) = preSolution
		Debug|Any CPU = Debug|Any CPU
		Release|Any CPU = Release|Any CPU
	EndGlobalSection
	GlobalSection(ProjectConfigurationPlatforms) = postSolution
		{2686D22F-6A4B-4770-B571-AFF84EF2EFA1}.Debug|Any CPU.ActiveCfg = Debug|Any CPU
		{2686D22F-6A4B-4770-B571-AFF84EF2EFA1}.Debug|Any CPU.Build.0 = Debug|Any CPU
		{2686D22F-6A4B-4770-B571-AFF84EF2EFA1}.Release|Any CPU.ActiveCfg = Release|Any CPU
		{2686D22F-6A4B-4770-B571-AFF84EF2EFA1}.Release|Any CPU.Build.0 = Release|Any CPU
	EndGlobalSection
	GlobalSection(MonoDevelopProperties) = preSolution
		StartupItem = Lab1_v2\Lab1_v2.csproj
	EndGlobalSection
EndGlobal
