
Microsoft Visual Studio Solution File, Format Version 11.00
# Visual Studio 2010
Project("{FAE04EC0-301F-11D3-BF4B-00C04F79EFBC}") = "TideChart", "TideChart\TideChart.csproj", "{94FE05E4-C45B-40A3-AF0B-90D2DF89B18B}"
EndProject
Project("{FAE04EC0-301F-11D3-BF4B-00C04F79EFBC}") = "AndroidTideChart", "AndroidTideChart\AndroidTideChart.csproj", "{E7F3FDDF-7FA6-4ED7-A5A6-5C1FD323D011}"
EndProject
Global
	GlobalSection(SolutionConfigurationPlatforms) = preSolution
		Debug|x86 = Debug|x86
		Release|x86 = Release|x86
	EndGlobalSection
	GlobalSection(ProjectConfigurationPlatforms) = postSolution
		{94FE05E4-C45B-40A3-AF0B-90D2DF89B18B}.Debug|x86.ActiveCfg = Debug|x86
		{94FE05E4-C45B-40A3-AF0B-90D2DF89B18B}.Debug|x86.Build.0 = Debug|x86
		{94FE05E4-C45B-40A3-AF0B-90D2DF89B18B}.Release|x86.ActiveCfg = Release|x86
		{94FE05E4-C45B-40A3-AF0B-90D2DF89B18B}.Release|x86.Build.0 = Release|x86
		{E7F3FDDF-7FA6-4ED7-A5A6-5C1FD323D011}.Debug|x86.ActiveCfg = Debug|Any CPU
		{E7F3FDDF-7FA6-4ED7-A5A6-5C1FD323D011}.Debug|x86.Build.0 = Debug|Any CPU
		{E7F3FDDF-7FA6-4ED7-A5A6-5C1FD323D011}.Release|x86.ActiveCfg = Release|Any CPU
		{E7F3FDDF-7FA6-4ED7-A5A6-5C1FD323D011}.Release|x86.Build.0 = Release|Any CPU
	EndGlobalSection
	GlobalSection(MonoDevelopProperties) = preSolution
		StartupItem = AndroidTideChart\AndroidTideChart.csproj
	EndGlobalSection
EndGlobal
