
Microsoft Visual Studio Solution File, Format Version 11.00
# Visual Studio 2010
Project("{FAE04EC0-301F-11D3-BF4B-00C04F79EFBC}") = "Tide_Table", "Tide_Table\Tide_Table.csproj", "{76E3B937-53FF-4E5E-87B1-D4BD5C29835E}"
EndProject
Global
	GlobalSection(SolutionConfigurationPlatforms) = preSolution
		Debug|Any CPU = Debug|Any CPU
		Release|Any CPU = Release|Any CPU
	EndGlobalSection
	GlobalSection(ProjectConfigurationPlatforms) = postSolution
		{76E3B937-53FF-4E5E-87B1-D4BD5C29835E}.Debug|Any CPU.ActiveCfg = Debug|Any CPU
		{76E3B937-53FF-4E5E-87B1-D4BD5C29835E}.Debug|Any CPU.Build.0 = Debug|Any CPU
		{76E3B937-53FF-4E5E-87B1-D4BD5C29835E}.Release|Any CPU.ActiveCfg = Release|Any CPU
		{76E3B937-53FF-4E5E-87B1-D4BD5C29835E}.Release|Any CPU.Build.0 = Release|Any CPU
	EndGlobalSection
	GlobalSection(MonoDevelopProperties) = preSolution
		StartupItem = Tide_Table\Tide_Table.csproj
	EndGlobalSection
EndGlobal
