
Microsoft Visual Studio Solution File, Format Version 12.00
# Visual Studio 2012
Project("{FAE04EC0-301F-11D3-BF4B-00C04F79EFBC}") = "LayoutExperiments", "LayoutExperiments\LayoutExperiments.csproj", "{2311A643-6435-456E-AF85-323A862F76F7}"
EndProject
Global
	GlobalSection(SolutionConfigurationPlatforms) = preSolution
		Debug|Any CPU = Debug|Any CPU
		Release|Any CPU = Release|Any CPU
	EndGlobalSection
	GlobalSection(ProjectConfigurationPlatforms) = postSolution
		{2311A643-6435-456E-AF85-323A862F76F7}.Debug|Any CPU.ActiveCfg = Debug|Any CPU
		{2311A643-6435-456E-AF85-323A862F76F7}.Debug|Any CPU.Build.0 = Debug|Any CPU
		{2311A643-6435-456E-AF85-323A862F76F7}.Release|Any CPU.ActiveCfg = Release|Any CPU
		{2311A643-6435-456E-AF85-323A862F76F7}.Release|Any CPU.Build.0 = Release|Any CPU
	EndGlobalSection
	GlobalSection(MonoDevelopProperties) = preSolution
		StartupItem = LayoutExperiments\LayoutExperiments.csproj
	EndGlobalSection
EndGlobal
