
Microsoft Visual Studio Solution File, Format Version 11.00
# Visual Studio 2010
Project("{FAE04EC0-301F-11D3-BF4B-00C04F79EFBC}") = "LaunchModeExperiments", "BackStackExperiments\LaunchModeExperiments.csproj", "{29A44571-55B0-412B-86CA-C28EA762C353}"
EndProject
Project("{FAE04EC0-301F-11D3-BF4B-00C04F79EFBC}") = "BackStackExperiments", "LaunchModeExperiments\BackStackExperiments.csproj", "{29A44571-55B0-412B-86CA-C28EA762C353}"
EndProject
Global
	GlobalSection(SolutionConfigurationPlatforms) = preSolution
		Debug|Any CPU = Debug|Any CPU
		Release|Any CPU = Release|Any CPU
	EndGlobalSection
	GlobalSection(ProjectConfigurationPlatforms) = postSolution
		{29A44571-55B0-412B-86CA-C28EA762C353}.Debug|Any CPU.ActiveCfg = Debug|Any CPU
		{29A44571-55B0-412B-86CA-C28EA762C353}.Debug|Any CPU.ActiveCfg = Debug|Any CPU
		{29A44571-55B0-412B-86CA-C28EA762C353}.Debug|Any CPU.Build.0 = Debug|Any CPU
		{29A44571-55B0-412B-86CA-C28EA762C353}.Debug|Any CPU.Build.0 = Debug|Any CPU
		{29A44571-55B0-412B-86CA-C28EA762C353}.Release|Any CPU.ActiveCfg = Release|Any CPU
		{29A44571-55B0-412B-86CA-C28EA762C353}.Release|Any CPU.ActiveCfg = Release|Any CPU
		{29A44571-55B0-412B-86CA-C28EA762C353}.Release|Any CPU.Build.0 = Release|Any CPU
		{29A44571-55B0-412B-86CA-C28EA762C353}.Release|Any CPU.Build.0 = Release|Any CPU
	EndGlobalSection
	GlobalSection(MonoDevelopProperties) = preSolution
		StartupItem = BackStackExperiments\LaunchModeExperiments.csproj
	EndGlobalSection
EndGlobal
