
Microsoft Visual Studio Solution File, Format Version 11.00
# Visual Studio 2010
Project("{FAE04EC0-301F-11D3-BF4B-00C04F79EFBC}") = "BasicTable", "BasicTable\BasicTable.csproj", "{88FE7B91-087F-440A-A1A7-BC071A2F6FB9}"
EndProject
Global
	GlobalSection(SolutionConfigurationPlatforms) = preSolution
		Debug|Any CPU = Debug|Any CPU
		Release|Any CPU = Release|Any CPU
	EndGlobalSection
	GlobalSection(ProjectConfigurationPlatforms) = postSolution
		{88FE7B91-087F-440A-A1A7-BC071A2F6FB9}.Debug|Any CPU.ActiveCfg = Debug|Any CPU
		{88FE7B91-087F-440A-A1A7-BC071A2F6FB9}.Debug|Any CPU.Build.0 = Debug|Any CPU
		{88FE7B91-087F-440A-A1A7-BC071A2F6FB9}.Release|Any CPU.ActiveCfg = Release|Any CPU
		{88FE7B91-087F-440A-A1A7-BC071A2F6FB9}.Release|Any CPU.Build.0 = Release|Any CPU
	EndGlobalSection
	GlobalSection(MonoDevelopProperties) = preSolution
		StartupItem = BasicTable\BasicTable.csproj
	EndGlobalSection
EndGlobal
