
Microsoft Visual Studio Solution File, Format Version 11.00
# Visual Studio 2010
Project("{FAE04EC0-301F-11D3-BF4B-00C04F79EFBC}") = "HelloMultiScreen", "HelloMultiScreen.csproj", "{237E2AE0-FC17-4E66-89F3-49AF99D1930B}"
EndProject
Global
	GlobalSection(SolutionConfigurationPlatforms) = preSolution
		Debug|Any CPU = Debug|Any CPU
		Release|Any CPU = Release|Any CPU
	EndGlobalSection
	GlobalSection(ProjectConfigurationPlatforms) = postSolution
		{237E2AE0-FC17-4E66-89F3-49AF99D1930B}.Debug|Any CPU.ActiveCfg = Debug|Any CPU
		{237E2AE0-FC17-4E66-89F3-49AF99D1930B}.Debug|Any CPU.Build.0 = Debug|Any CPU
		{237E2AE0-FC17-4E66-89F3-49AF99D1930B}.Release|Any CPU.ActiveCfg = Release|Any CPU
		{237E2AE0-FC17-4E66-89F3-49AF99D1930B}.Release|Any CPU.Build.0 = Release|Any CPU
	EndGlobalSection
	GlobalSection(MonoDevelopProperties) = preSolution
		StartupItem = HelloMultiScreen.csproj
	EndGlobalSection
EndGlobal
