
Microsoft Visual Studio Solution File, Format Version 11.00
# Visual Studio 2010
Project("{FAE04EC0-301F-11D3-BF4B-00C04F79EFBC}") = "HelloTabWidget", "HelloTabWidget\HelloTabWidget.csproj", "{2EB1927F-0CCA-49F0-9F93-F33AAF059D89}"
EndProject
Global
	GlobalSection(SolutionConfigurationPlatforms) = preSolution
		Debug|Any CPU = Debug|Any CPU
		Release|Any CPU = Release|Any CPU
	EndGlobalSection
	GlobalSection(ProjectConfigurationPlatforms) = postSolution
		{2EB1927F-0CCA-49F0-9F93-F33AAF059D89}.Debug|Any CPU.ActiveCfg = Debug|Any CPU
		{2EB1927F-0CCA-49F0-9F93-F33AAF059D89}.Debug|Any CPU.Build.0 = Debug|Any CPU
		{2EB1927F-0CCA-49F0-9F93-F33AAF059D89}.Release|Any CPU.ActiveCfg = Release|Any CPU
		{2EB1927F-0CCA-49F0-9F93-F33AAF059D89}.Release|Any CPU.Build.0 = Release|Any CPU
	EndGlobalSection
	GlobalSection(MonoDevelopProperties) = preSolution
		StartupItem = HelloTabWidget\HelloTabWidget.csproj
	EndGlobalSection
EndGlobal
