
Microsoft Visual Studio Solution File, Format Version 12.00
# Visual Studio 2012
Project("{FAE04EC0-301F-11D3-BF4B-00C04F79EFBC}") = "cs235amDemo-Preferences", "cs235amDemo-Preferences\cs235amDemo-Preferences.csproj", "{CF2A9E4A-2463-42EE-AAE3-6AE3528C28BD}"
EndProject
Global
	GlobalSection(SolutionConfigurationPlatforms) = preSolution
		Debug|Any CPU = Debug|Any CPU
		Release|Any CPU = Release|Any CPU
	EndGlobalSection
	GlobalSection(ProjectConfigurationPlatforms) = postSolution
		{CF2A9E4A-2463-42EE-AAE3-6AE3528C28BD}.Debug|Any CPU.ActiveCfg = Debug|Any CPU
		{CF2A9E4A-2463-42EE-AAE3-6AE3528C28BD}.Debug|Any CPU.Build.0 = Debug|Any CPU
		{CF2A9E4A-2463-42EE-AAE3-6AE3528C28BD}.Release|Any CPU.ActiveCfg = Release|Any CPU
		{CF2A9E4A-2463-42EE-AAE3-6AE3528C28BD}.Release|Any CPU.Build.0 = Release|Any CPU
	EndGlobalSection
	GlobalSection(MonoDevelopProperties) = preSolution
		StartupItem = cs235amDemo-Preferences\cs235amDemo-Preferences.csproj
	EndGlobalSection
EndGlobal
