
Microsoft Visual Studio Solution File, Format Version 11.00
# Visual Studio 2010
Project("{FAE04EC0-301F-11D3-BF4B-00C04F79EFBC}") = "iOSStack", "iOSStack\iOSStack.csproj", "{15D8E98D-D803-4CCC-906F-0960D31DD336}"
EndProject
Project("{FAE04EC0-301F-11D3-BF4B-00C04F79EFBC}") = "iOSTabs", "iOSTabs\iOSTabs.csproj", "{15D8E98D-D803-4CCC-906F-0960D31DD337}"
EndProject
Project("{FAE04EC0-301F-11D3-BF4B-00C04F79EFBC}") = "iOSFlyout", "iOSFlyout\iOSFlyout.csproj", "{15D8E98D-D803-4CCC-906F-0960D31DD338}"
EndProject
Project("{FAE04EC0-301F-11D3-BF4B-00C04F79EFBC}") = "AndroidTabs", "AndroidTabs\AndroidTabs.csproj", "{2375300A-B4F5-48CA-830C-CD15A2E70FDC}"
EndProject
Project("{FAE04EC0-301F-11D3-BF4B-00C04F79EFBC}") = "AndroidOptions", "AndroidOptions\AndroidOptions.csproj", "{2375300A-B4F5-48CA-830C-CD15A2E70FDD}"
EndProject
Project("{FAE04EC0-301F-11D3-BF4B-00C04F79EFBC}") = "AndroidStack", "AndroidStack\AndroidStack.csproj", "{5DC0620D-BE8B-40B4-A27F-71CB9CFF49F6}"
EndProject
Project("{FAE04EC0-301F-11D3-BF4B-00C04F79EFBC}") = "ActionBarSherlock", "AndroidActionBarSherlock\ActionBarSherlock\ActionBarSherlock.csproj", "{2D5471B2-8255-4E47-97E9-EEB28678CC82}"
EndProject
Project("{FAE04EC0-301F-11D3-BF4B-00C04F79EFBC}") = "ActionBarSherlockDemo", "AndroidActionBarSherlock\ActionBarSherlockDemo\ActionBarSherlockDemo.csproj", "{070236F3-8BC7-4123-82CB-EE00251F6D0D}"
EndProject
Global
	GlobalSection(SolutionConfigurationPlatforms) = preSolution
		Debug|iPhoneSimulator = Debug|iPhoneSimulator
		Release|iPhoneSimulator = Release|iPhoneSimulator
		Debug|iPhone = Debug|iPhone
		Release|iPhone = Release|iPhone
	EndGlobalSection
	GlobalSection(ProjectConfigurationPlatforms) = postSolution
		{070236F3-8BC7-4123-82CB-EE00251F6D0D}.Debug|iPhone.ActiveCfg = Debug|Any CPU
		{070236F3-8BC7-4123-82CB-EE00251F6D0D}.Debug|iPhone.Build.0 = Debug|Any CPU
		{070236F3-8BC7-4123-82CB-EE00251F6D0D}.Debug|iPhoneSimulator.ActiveCfg = Debug|Any CPU
		{070236F3-8BC7-4123-82CB-EE00251F6D0D}.Debug|iPhoneSimulator.Build.0 = Debug|Any CPU
		{070236F3-8BC7-4123-82CB-EE00251F6D0D}.Release|iPhone.ActiveCfg = Release|Any CPU
		{070236F3-8BC7-4123-82CB-EE00251F6D0D}.Release|iPhone.Build.0 = Release|Any CPU
		{070236F3-8BC7-4123-82CB-EE00251F6D0D}.Release|iPhoneSimulator.ActiveCfg = Release|Any CPU
		{070236F3-8BC7-4123-82CB-EE00251F6D0D}.Release|iPhoneSimulator.Build.0 = Release|Any CPU
		{15D8E98D-D803-4CCC-906F-0960D31DD336}.Debug|iPhone.ActiveCfg = Debug|iPhone
		{15D8E98D-D803-4CCC-906F-0960D31DD336}.Debug|iPhone.Build.0 = Debug|iPhone
		{15D8E98D-D803-4CCC-906F-0960D31DD336}.Debug|iPhoneSimulator.ActiveCfg = Debug|iPhoneSimulator
		{15D8E98D-D803-4CCC-906F-0960D31DD336}.Debug|iPhoneSimulator.Build.0 = Debug|iPhoneSimulator
		{15D8E98D-D803-4CCC-906F-0960D31DD336}.Release|iPhone.ActiveCfg = Release|iPhone
		{15D8E98D-D803-4CCC-906F-0960D31DD336}.Release|iPhone.Build.0 = Release|iPhone
		{15D8E98D-D803-4CCC-906F-0960D31DD336}.Release|iPhoneSimulator.ActiveCfg = Release|iPhoneSimulator
		{15D8E98D-D803-4CCC-906F-0960D31DD336}.Release|iPhoneSimulator.Build.0 = Release|iPhoneSimulator
		{15D8E98D-D803-4CCC-906F-0960D31DD337}.Debug|iPhone.ActiveCfg = Debug|iPhone
		{15D8E98D-D803-4CCC-906F-0960D31DD337}.Debug|iPhone.Build.0 = Debug|iPhone
		{15D8E98D-D803-4CCC-906F-0960D31DD337}.Debug|iPhoneSimulator.ActiveCfg = Debug|iPhoneSimulator
		{15D8E98D-D803-4CCC-906F-0960D31DD337}.Debug|iPhoneSimulator.Build.0 = Debug|iPhoneSimulator
		{15D8E98D-D803-4CCC-906F-0960D31DD337}.Release|iPhone.ActiveCfg = Release|iPhone
		{15D8E98D-D803-4CCC-906F-0960D31DD337}.Release|iPhone.Build.0 = Release|iPhone
		{15D8E98D-D803-4CCC-906F-0960D31DD337}.Release|iPhoneSimulator.ActiveCfg = Release|iPhoneSimulator
		{15D8E98D-D803-4CCC-906F-0960D31DD337}.Release|iPhoneSimulator.Build.0 = Release|iPhoneSimulator
		{15D8E98D-D803-4CCC-906F-0960D31DD338}.Debug|iPhone.ActiveCfg = Debug|iPhone
		{15D8E98D-D803-4CCC-906F-0960D31DD338}.Debug|iPhone.Build.0 = Debug|iPhone
		{15D8E98D-D803-4CCC-906F-0960D31DD338}.Debug|iPhoneSimulator.ActiveCfg = Debug|iPhoneSimulator
		{15D8E98D-D803-4CCC-906F-0960D31DD338}.Debug|iPhoneSimulator.Build.0 = Debug|iPhoneSimulator
		{15D8E98D-D803-4CCC-906F-0960D31DD338}.Release|iPhone.ActiveCfg = Release|iPhone
		{15D8E98D-D803-4CCC-906F-0960D31DD338}.Release|iPhone.Build.0 = Release|iPhone
		{15D8E98D-D803-4CCC-906F-0960D31DD338}.Release|iPhoneSimulator.ActiveCfg = Release|iPhoneSimulator
		{15D8E98D-D803-4CCC-906F-0960D31DD338}.Release|iPhoneSimulator.Build.0 = Release|iPhoneSimulator
		{2375300A-B4F5-48CA-830C-CD15A2E70FDC}.Debug|iPhone.ActiveCfg = Debug|Any CPU
		{2375300A-B4F5-48CA-830C-CD15A2E70FDC}.Debug|iPhone.Build.0 = Debug|Any CPU
		{2375300A-B4F5-48CA-830C-CD15A2E70FDC}.Debug|iPhoneSimulator.ActiveCfg = Debug|Any CPU
		{2375300A-B4F5-48CA-830C-CD15A2E70FDC}.Debug|iPhoneSimulator.Build.0 = Debug|Any CPU
		{2375300A-B4F5-48CA-830C-CD15A2E70FDC}.Release|iPhone.ActiveCfg = Release|Any CPU
		{2375300A-B4F5-48CA-830C-CD15A2E70FDC}.Release|iPhone.Build.0 = Release|Any CPU
		{2375300A-B4F5-48CA-830C-CD15A2E70FDC}.Release|iPhoneSimulator.ActiveCfg = Release|Any CPU
		{2375300A-B4F5-48CA-830C-CD15A2E70FDC}.Release|iPhoneSimulator.Build.0 = Release|Any CPU
		{2375300A-B4F5-48CA-830C-CD15A2E70FDD}.Debug|iPhone.ActiveCfg = Debug|Any CPU
		{2375300A-B4F5-48CA-830C-CD15A2E70FDD}.Debug|iPhone.Build.0 = Debug|Any CPU
		{2375300A-B4F5-48CA-830C-CD15A2E70FDD}.Debug|iPhoneSimulator.ActiveCfg = Debug|Any CPU
		{2375300A-B4F5-48CA-830C-CD15A2E70FDD}.Debug|iPhoneSimulator.Build.0 = Debug|Any CPU
		{2375300A-B4F5-48CA-830C-CD15A2E70FDD}.Release|iPhone.ActiveCfg = Release|Any CPU
		{2375300A-B4F5-48CA-830C-CD15A2E70FDD}.Release|iPhone.Build.0 = Release|Any CPU
		{2375300A-B4F5-48CA-830C-CD15A2E70FDD}.Release|iPhoneSimulator.ActiveCfg = Release|Any CPU
		{2375300A-B4F5-48CA-830C-CD15A2E70FDD}.Release|iPhoneSimulator.Build.0 = Release|Any CPU
		{2D5471B2-8255-4E47-97E9-EEB28678CC82}.Debug|iPhone.ActiveCfg = Debug|Any CPU
		{2D5471B2-8255-4E47-97E9-EEB28678CC82}.Debug|iPhone.Build.0 = Debug|Any CPU
		{2D5471B2-8255-4E47-97E9-EEB28678CC82}.Debug|iPhoneSimulator.ActiveCfg = Debug|Any CPU
		{2D5471B2-8255-4E47-97E9-EEB28678CC82}.Debug|iPhoneSimulator.Build.0 = Debug|Any CPU
		{2D5471B2-8255-4E47-97E9-EEB28678CC82}.Release|iPhone.ActiveCfg = Release|Any CPU
		{2D5471B2-8255-4E47-97E9-EEB28678CC82}.Release|iPhone.Build.0 = Release|Any CPU
		{2D5471B2-8255-4E47-97E9-EEB28678CC82}.Release|iPhoneSimulator.ActiveCfg = Release|Any CPU
		{2D5471B2-8255-4E47-97E9-EEB28678CC82}.Release|iPhoneSimulator.Build.0 = Release|Any CPU
		{5DC0620D-BE8B-40B4-A27F-71CB9CFF49F6}.Debug|iPhone.ActiveCfg = Debug|Any CPU
		{5DC0620D-BE8B-40B4-A27F-71CB9CFF49F6}.Debug|iPhone.Build.0 = Debug|Any CPU
		{5DC0620D-BE8B-40B4-A27F-71CB9CFF49F6}.Debug|iPhoneSimulator.ActiveCfg = Debug|Any CPU
		{5DC0620D-BE8B-40B4-A27F-71CB9CFF49F6}.Debug|iPhoneSimulator.Build.0 = Debug|Any CPU
		{5DC0620D-BE8B-40B4-A27F-71CB9CFF49F6}.Release|iPhone.ActiveCfg = Release|Any CPU
		{5DC0620D-BE8B-40B4-A27F-71CB9CFF49F6}.Release|iPhone.Build.0 = Release|Any CPU
		{5DC0620D-BE8B-40B4-A27F-71CB9CFF49F6}.Release|iPhoneSimulator.ActiveCfg = Release|Any CPU
		{5DC0620D-BE8B-40B4-A27F-71CB9CFF49F6}.Release|iPhoneSimulator.Build.0 = Release|Any CPU
	EndGlobalSection
	GlobalSection(MonoDevelopProperties) = preSolution
		StartupItem = iOSStack\iOSStack.csproj
	EndGlobalSection
EndGlobal
