
Microsoft Visual Studio Solution File, Format Version 11.00
# Visual Studio 2010
Project("{FAE04EC0-301F-11D3-BF4B-00C04F79EFBC}") = "RockPaperScissors", "RockPaperScissors\RockPaperScissors.csproj", "{D8846A7F-0540-453E-8CFE-47010DBACF2E}"
EndProject
Project("{FAE04EC0-301F-11D3-BF4B-00C04F79EFBC}") = "RpsTest", "RpsTest\RpsTest.csproj", "{B81F8C8A-A5DC-4D8B-971E-7E9E314CE913}"
EndProject
Project("{FAE04EC0-301F-11D3-BF4B-00C04F79EFBC}") = "RpsLogic", "RpsLogic\RpsLogic.csproj", "{BE8921C5-BAE8-4C36-8244-C49BB7468A21}"
EndProject
Project("{FAE04EC0-301F-11D3-BF4B-00C04F79EFBC}") = "RpsLogic.Andorid.Cloned", "RpsLogic\RpsLogic.Andorid.Cloned.csproj", "{91365553-A826-4DD7-9DA7-0DE91A88D328}"
EndProject
Global
	GlobalSection(SolutionConfigurationPlatforms) = preSolution
		Debug|Any CPU = Debug|Any CPU
		Release|Any CPU = Release|Any CPU
	EndGlobalSection
	GlobalSection(ProjectConfigurationPlatforms) = postSolution
		{91365553-A826-4DD7-9DA7-0DE91A88D328}.Debug|Any CPU.ActiveCfg = Debug|Any CPU
		{91365553-A826-4DD7-9DA7-0DE91A88D328}.Debug|Any CPU.Build.0 = Debug|Any CPU
		{91365553-A826-4DD7-9DA7-0DE91A88D328}.Release|Any CPU.ActiveCfg = Release|Any CPU
		{91365553-A826-4DD7-9DA7-0DE91A88D328}.Release|Any CPU.Build.0 = Release|Any CPU
		{B81F8C8A-A5DC-4D8B-971E-7E9E314CE913}.Debug|Any CPU.ActiveCfg = Debug|Any CPU
		{B81F8C8A-A5DC-4D8B-971E-7E9E314CE913}.Debug|Any CPU.Build.0 = Debug|Any CPU
		{B81F8C8A-A5DC-4D8B-971E-7E9E314CE913}.Release|Any CPU.ActiveCfg = Release|Any CPU
		{B81F8C8A-A5DC-4D8B-971E-7E9E314CE913}.Release|Any CPU.Build.0 = Release|Any CPU
		{BE8921C5-BAE8-4C36-8244-C49BB7468A21}.Debug|Any CPU.ActiveCfg = Debug|Any CPU
		{BE8921C5-BAE8-4C36-8244-C49BB7468A21}.Debug|Any CPU.Build.0 = Debug|Any CPU
		{BE8921C5-BAE8-4C36-8244-C49BB7468A21}.Release|Any CPU.ActiveCfg = Release|Any CPU
		{BE8921C5-BAE8-4C36-8244-C49BB7468A21}.Release|Any CPU.Build.0 = Release|Any CPU
		{D8846A7F-0540-453E-8CFE-47010DBACF2E}.Debug|Any CPU.ActiveCfg = Debug|Any CPU
		{D8846A7F-0540-453E-8CFE-47010DBACF2E}.Debug|Any CPU.Build.0 = Debug|Any CPU
		{D8846A7F-0540-453E-8CFE-47010DBACF2E}.Release|Any CPU.ActiveCfg = Release|Any CPU
		{D8846A7F-0540-453E-8CFE-47010DBACF2E}.Release|Any CPU.Build.0 = Release|Any CPU
	EndGlobalSection
	GlobalSection(MonoDevelopProperties) = preSolution
		StartupItem = RpsTest\RpsTest.csproj
	EndGlobalSection
EndGlobal
