
Microsoft Visual Studio Solution File, Format Version 11.00
# Visual Studio 2010
Project("{FAE04EC0-301F-11D3-BF4B-00C04F79EFBC}") = "GeolocationDemo-xamarin.mobile", "GeolocationDemo-xamarin.mobile\GeolocationDemo-xamarin.mobile.csproj", "{7CA1A685-C177-48CD-9F9B-F7278C73C37D}"
EndProject
Global
	GlobalSection(SolutionConfigurationPlatforms) = preSolution
		Debug|Any CPU = Debug|Any CPU
		Release|Any CPU = Release|Any CPU
	EndGlobalSection
	GlobalSection(ProjectConfigurationPlatforms) = postSolution
		{7CA1A685-C177-48CD-9F9B-F7278C73C37D}.Debug|Any CPU.ActiveCfg = Debug|Any CPU
		{7CA1A685-C177-48CD-9F9B-F7278C73C37D}.Debug|Any CPU.Build.0 = Debug|Any CPU
		{7CA1A685-C177-48CD-9F9B-F7278C73C37D}.Release|Any CPU.ActiveCfg = Release|Any CPU
		{7CA1A685-C177-48CD-9F9B-F7278C73C37D}.Release|Any CPU.Build.0 = Release|Any CPU
	EndGlobalSection
	GlobalSection(MonoDevelopProperties) = preSolution
		StartupItem = GeolocationDemo-xamarin.mobile\GeolocationDemo-xamarin.mobile.csproj
	EndGlobalSection
EndGlobal
