
Microsoft Visual Studio Solution File, Format Version 11.00
# Visual Studio 2010
Project("{FAE04EC0-301F-11D3-BF4B-00C04F79EFBC}") = "MultiScreen", "MultiScreen\MultiScreen.csproj", "{943815BA-8835-45FA-BD00-30922BF5F4D0}"
EndProject
Global
	GlobalSection(SolutionConfigurationPlatforms) = preSolution
		Debug|Any CPU = Debug|Any CPU
		Release|Any CPU = Release|Any CPU
	EndGlobalSection
	GlobalSection(ProjectConfigurationPlatforms) = postSolution
		{943815BA-8835-45FA-BD00-30922BF5F4D0}.Debug|Any CPU.ActiveCfg = Debug|Any CPU
		{943815BA-8835-45FA-BD00-30922BF5F4D0}.Debug|Any CPU.Build.0 = Debug|Any CPU
		{943815BA-8835-45FA-BD00-30922BF5F4D0}.Release|Any CPU.ActiveCfg = Release|Any CPU
		{943815BA-8835-45FA-BD00-30922BF5F4D0}.Release|Any CPU.Build.0 = Release|Any CPU
	EndGlobalSection
	GlobalSection(MonoDevelopProperties) = preSolution
		StartupItem = MultiScreen\MultiScreen.csproj
	EndGlobalSection
EndGlobal
