
Microsoft Visual Studio Solution File, Format Version 11.00
# Visual Studio 2010
Project("{FAE04EC0-301F-11D3-BF4B-00C04F79EFBC}") = "Phoneword_iOS_Before", "Phoneword_iOS\Phoneword_iOS_Before.csproj", "{59039A65-7C90-4907-9281-D52CB8E21F54}"
EndProject
Global
	GlobalSection(SolutionConfigurationPlatforms) = preSolution
		Debug|iPhoneSimulator = Debug|iPhoneSimulator
		Release|iPhoneSimulator = Release|iPhoneSimulator
		Debug|iPhone = Debug|iPhone
		Release|iPhone = Release|iPhone
		Ad-Hoc|iPhone = Ad-Hoc|iPhone
		AppStore|iPhone = AppStore|iPhone
	EndGlobalSection
	GlobalSection(ProjectConfigurationPlatforms) = postSolution
		{59039A65-7C90-4907-9281-D52CB8E21F54}.Ad-Hoc|iPhone.ActiveCfg = Ad-Hoc|iPhone
		{59039A65-7C90-4907-9281-D52CB8E21F54}.Ad-Hoc|iPhone.Build.0 = Ad-Hoc|iPhone
		{59039A65-7C90-4907-9281-D52CB8E21F54}.AppStore|iPhone.ActiveCfg = AppStore|iPhone
		{59039A65-7C90-4907-9281-D52CB8E21F54}.AppStore|iPhone.Build.0 = AppStore|iPhone
		{59039A65-7C90-4907-9281-D52CB8E21F54}.Debug|iPhone.ActiveCfg = Debug|iPhone
		{59039A65-7C90-4907-9281-D52CB8E21F54}.Debug|iPhone.Build.0 = Debug|iPhone
		{59039A65-7C90-4907-9281-D52CB8E21F54}.Debug|iPhoneSimulator.ActiveCfg = Debug|iPhoneSimulator
		{59039A65-7C90-4907-9281-D52CB8E21F54}.Debug|iPhoneSimulator.Build.0 = Debug|iPhoneSimulator
		{59039A65-7C90-4907-9281-D52CB8E21F54}.Release|iPhone.ActiveCfg = Release|iPhone
		{59039A65-7C90-4907-9281-D52CB8E21F54}.Release|iPhone.Build.0 = Release|iPhone
		{59039A65-7C90-4907-9281-D52CB8E21F54}.Release|iPhoneSimulator.ActiveCfg = Release|iPhoneSimulator
		{59039A65-7C90-4907-9281-D52CB8E21F54}.Release|iPhoneSimulator.Build.0 = Release|iPhoneSimulator
	EndGlobalSection
	GlobalSection(MonoDevelopProperties) = preSolution
		StartupItem = Phoneword_iOS\Phoneword_iOS_Before.csproj
	EndGlobalSection
EndGlobal
