
Microsoft Visual Studio Solution File, Format Version 11.00
# Visual Studio 2010
Project("{FAE04EC0-301F-11D3-BF4B-00C04F79EFBC}") = "Lab02", "Lab02\Lab02.csproj", "{B566F7FE-B6A4-4DEE-99BD-8F4A6D9463C6}"
EndProject
Global
	GlobalSection(SolutionConfigurationPlatforms) = preSolution
		Debug|Any CPU = Debug|Any CPU
		Release|Any CPU = Release|Any CPU
	EndGlobalSection
	GlobalSection(ProjectConfigurationPlatforms) = postSolution
		{B566F7FE-B6A4-4DEE-99BD-8F4A6D9463C6}.Debug|Any CPU.ActiveCfg = Debug|Any CPU
		{B566F7FE-B6A4-4DEE-99BD-8F4A6D9463C6}.Debug|Any CPU.Build.0 = Debug|Any CPU
		{B566F7FE-B6A4-4DEE-99BD-8F4A6D9463C6}.Release|Any CPU.ActiveCfg = Release|Any CPU
		{B566F7FE-B6A4-4DEE-99BD-8F4A6D9463C6}.Release|Any CPU.Build.0 = Release|Any CPU
	EndGlobalSection
	GlobalSection(MonoDevelopProperties) = preSolution
		StartupItem = Lab02\Lab02.csproj
	EndGlobalSection
EndGlobal
