
Microsoft Visual Studio Solution File, Format Version 11.00
# Visual Studio 2010
Project("{FAE04EC0-301F-11D3-BF4B-00C04F79EFBC}") = "Phoneword_iOS", "Phoneword_iOS\Phoneword_iOS.csproj", "{34C3A970-E305-4B37-9271-D10E56EF2A5E}"
EndProject
Global
	GlobalSection(SolutionConfigurationPlatforms) = preSolution
		Debug|iPhoneSimulator = Debug|iPhoneSimulator
		Release|iPhoneSimulator = Release|iPhoneSimulator
		Debug|iPhone = Debug|iPhone
		Release|iPhone = Release|iPhone
		Ad-Hoc|iPhone = Ad-Hoc|iPhone
		AppStore|iPhone = AppStore|iPhone
	EndGlobalSection
	GlobalSection(ProjectConfigurationPlatforms) = postSolution
		{34C3A970-E305-4B37-9271-D10E56EF2A5E}.Ad-Hoc|iPhone.ActiveCfg = Ad-Hoc|iPhone
		{34C3A970-E305-4B37-9271-D10E56EF2A5E}.Ad-Hoc|iPhone.Build.0 = Ad-Hoc|iPhone
		{34C3A970-E305-4B37-9271-D10E56EF2A5E}.AppStore|iPhone.ActiveCfg = AppStore|iPhone
		{34C3A970-E305-4B37-9271-D10E56EF2A5E}.AppStore|iPhone.Build.0 = AppStore|iPhone
		{34C3A970-E305-4B37-9271-D10E56EF2A5E}.Debug|iPhone.ActiveCfg = Debug|iPhone
		{34C3A970-E305-4B37-9271-D10E56EF2A5E}.Debug|iPhone.Build.0 = Debug|iPhone
		{34C3A970-E305-4B37-9271-D10E56EF2A5E}.Debug|iPhoneSimulator.ActiveCfg = Debug|iPhoneSimulator
		{34C3A970-E305-4B37-9271-D10E56EF2A5E}.Debug|iPhoneSimulator.Build.0 = Debug|iPhoneSimulator
		{34C3A970-E305-4B37-9271-D10E56EF2A5E}.Release|iPhone.ActiveCfg = Release|iPhone
		{34C3A970-E305-4B37-9271-D10E56EF2A5E}.Release|iPhone.Build.0 = Release|iPhone
		{34C3A970-E305-4B37-9271-D10E56EF2A5E}.Release|iPhoneSimulator.ActiveCfg = Release|iPhoneSimulator
		{34C3A970-E305-4B37-9271-D10E56EF2A5E}.Release|iPhoneSimulator.Build.0 = Release|iPhoneSimulator
	EndGlobalSection
	GlobalSection(MonoDevelopProperties) = preSolution
		StartupItem = Phoneword_iOS\Phoneword_iOS.csproj
	EndGlobalSection
EndGlobal
