
Microsoft Visual Studio Solution File, Format Version 11.00
# Visual Studio 2010
Project("{FAE04EC0-301F-11D3-BF4B-00C04F79EFBC}") = "HelloMultiScreenLAB", "HelloMultiScreenLAB.csproj", "{2BD63F83-72B0-4EEC-8A28-88329B8EB3CC}"
EndProject
Global
	GlobalSection(SolutionConfigurationPlatforms) = preSolution
		Debug|Any CPU = Debug|Any CPU
		Release|Any CPU = Release|Any CPU
	EndGlobalSection
	GlobalSection(ProjectConfigurationPlatforms) = postSolution
		{2BD63F83-72B0-4EEC-8A28-88329B8EB3CC}.Debug|Any CPU.ActiveCfg = Debug|Any CPU
		{2BD63F83-72B0-4EEC-8A28-88329B8EB3CC}.Debug|Any CPU.Build.0 = Debug|Any CPU
		{2BD63F83-72B0-4EEC-8A28-88329B8EB3CC}.Release|Any CPU.ActiveCfg = Release|Any CPU
		{2BD63F83-72B0-4EEC-8A28-88329B8EB3CC}.Release|Any CPU.Build.0 = Release|Any CPU
	EndGlobalSection
	GlobalSection(MonoDevelopProperties) = preSolution
		StartupItem = HelloMultiScreenLAB.csproj
	EndGlobalSection
EndGlobal
