
Microsoft Visual Studio Solution File, Format Version 11.00
# Visual Studio 2010
Project("{FAE04EC0-301F-11D3-BF4B-00C04F79EFBC}") = "Android_demo1", "AndroidViews_demo1\Android_demo1.csproj", "{492FC7BF-9F39-4847-84A7-54736C5D235E}"
EndProject
Project("{FAE04EC0-301F-11D3-BF4B-00C04F79EFBC}") = "iOSViews_demo1", "iOSViews_demo1\iOSViews_demo1.csproj", "{668A9FB7-0E97-4C0A-8EF7-D5CD8C513B93}"
EndProject
Project("{FAE04EC0-301F-11D3-BF4B-00C04F79EFBC}") = "iOSViews_demo2", "iOSViews_demo2\iOSViews_demo2.csproj", "{668A9FB7-0E97-4C0A-8EF7-D5CD8C513B94}"
EndProject
Project("{FAE04EC0-301F-11D3-BF4B-00C04F79EFBC}") = "iOSViews_demo3", "iOSViews_demo3\iOSViews_demo3.csproj", "{668A9FB7-0E97-4C0A-8EF7-D5CD8C513B95}"
EndProject
Project("{FAE04EC0-301F-11D3-BF4B-00C04F79EFBC}") = "iOSViews_demo4", "iOSViews_demo4\iOSViews_demo4.csproj", "{668A9FB7-0E97-4C0A-8EF7-D5CD8C513B97}"
EndProject
Project("{FAE04EC0-301F-11D3-BF4B-00C04F79EFBC}") = "StoryboardDemo", "StoryboardDemo\StoryboardDemo.csproj", "{E689180F-46A6-4650-9CC3-BA5D9ECEC3CF}"
EndProject
Project("{FAE04EC0-301F-11D3-BF4B-00C04F79EFBC}") = "DesignerApp", "DesignerApp\DesignerApp.csproj", "{8C6D003A-D8E1-40F5-91D8-C7FF295DCC23}"
EndProject
Project("{FAE04EC0-301F-11D3-BF4B-00C04F79EFBC}") = "RotationDemo", "RotationDemo\RotationDemo.csproj", "{789C36D3-D0A1-4438-BAA7-0B8FE98752A9}"
EndProject
Project("{FAE04EC0-301F-11D3-BF4B-00C04F79EFBC}") = "LayoutDemo", "LayoutDemo\LayoutDemo.csproj", "{DA5F4C1B-DD45-4524-A2D8-92C267DAD1FB}"
EndProject
Global
	GlobalSection(SolutionConfigurationPlatforms) = preSolution
		Debug|Any CPU = Debug|Any CPU
		Release|Any CPU = Release|Any CPU
		Debug|iPhoneSimulator = Debug|iPhoneSimulator
		Release|iPhoneSimulator = Release|iPhoneSimulator
		Debug|iPhone = Debug|iPhone
		Release|iPhone = Release|iPhone
		Ad-Hoc|iPhone = Ad-Hoc|iPhone
		AppStore|iPhone = AppStore|iPhone
	EndGlobalSection
	GlobalSection(ProjectConfigurationPlatforms) = postSolution
		{492FC7BF-9F39-4847-84A7-54736C5D235E}.Ad-Hoc|iPhone.ActiveCfg = Debug|Any CPU
		{492FC7BF-9F39-4847-84A7-54736C5D235E}.Ad-Hoc|iPhone.Build.0 = Debug|Any CPU
		{492FC7BF-9F39-4847-84A7-54736C5D235E}.AppStore|iPhone.ActiveCfg = Debug|Any CPU
		{492FC7BF-9F39-4847-84A7-54736C5D235E}.AppStore|iPhone.Build.0 = Debug|Any CPU
		{492FC7BF-9F39-4847-84A7-54736C5D235E}.Debug|Any CPU.ActiveCfg = Debug|Any CPU
		{492FC7BF-9F39-4847-84A7-54736C5D235E}.Debug|Any CPU.Build.0 = Debug|Any CPU
		{492FC7BF-9F39-4847-84A7-54736C5D235E}.Debug|iPhone.ActiveCfg = Debug|Any CPU
		{492FC7BF-9F39-4847-84A7-54736C5D235E}.Debug|iPhone.Build.0 = Debug|Any CPU
		{492FC7BF-9F39-4847-84A7-54736C5D235E}.Debug|iPhoneSimulator.ActiveCfg = Debug|Any CPU
		{492FC7BF-9F39-4847-84A7-54736C5D235E}.Debug|iPhoneSimulator.Build.0 = Debug|Any CPU
		{492FC7BF-9F39-4847-84A7-54736C5D235E}.Release|Any CPU.ActiveCfg = Release|Any CPU
		{492FC7BF-9F39-4847-84A7-54736C5D235E}.Release|Any CPU.Build.0 = Release|Any CPU
		{492FC7BF-9F39-4847-84A7-54736C5D235E}.Release|iPhone.ActiveCfg = Release|Any CPU
		{492FC7BF-9F39-4847-84A7-54736C5D235E}.Release|iPhone.Build.0 = Release|Any CPU
		{492FC7BF-9F39-4847-84A7-54736C5D235E}.Release|iPhoneSimulator.ActiveCfg = Release|Any CPU
		{492FC7BF-9F39-4847-84A7-54736C5D235E}.Release|iPhoneSimulator.Build.0 = Release|Any CPU
		{668A9FB7-0E97-4C0A-8EF7-D5CD8C513B93}.Ad-Hoc|iPhone.ActiveCfg = Ad-Hoc|iPhone
		{668A9FB7-0E97-4C0A-8EF7-D5CD8C513B93}.Ad-Hoc|iPhone.Build.0 = Ad-Hoc|iPhone
		{668A9FB7-0E97-4C0A-8EF7-D5CD8C513B93}.AppStore|iPhone.ActiveCfg = AppStore|iPhone
		{668A9FB7-0E97-4C0A-8EF7-D5CD8C513B93}.AppStore|iPhone.Build.0 = AppStore|iPhone
		{668A9FB7-0E97-4C0A-8EF7-D5CD8C513B93}.Debug|Any CPU.ActiveCfg = Debug|iPhoneSimulator
		{668A9FB7-0E97-4C0A-8EF7-D5CD8C513B93}.Debug|Any CPU.Build.0 = Debug|iPhoneSimulator
		{668A9FB7-0E97-4C0A-8EF7-D5CD8C513B93}.Debug|iPhone.ActiveCfg = Debug|iPhone
		{668A9FB7-0E97-4C0A-8EF7-D5CD8C513B93}.Debug|iPhone.Build.0 = Debug|iPhone
		{668A9FB7-0E97-4C0A-8EF7-D5CD8C513B93}.Debug|iPhoneSimulator.ActiveCfg = Debug|iPhoneSimulator
		{668A9FB7-0E97-4C0A-8EF7-D5CD8C513B93}.Debug|iPhoneSimulator.Build.0 = Debug|iPhoneSimulator
		{668A9FB7-0E97-4C0A-8EF7-D5CD8C513B93}.Release|Any CPU.ActiveCfg = Release|iPhoneSimulator
		{668A9FB7-0E97-4C0A-8EF7-D5CD8C513B93}.Release|Any CPU.Build.0 = Release|iPhoneSimulator
		{668A9FB7-0E97-4C0A-8EF7-D5CD8C513B93}.Release|iPhone.ActiveCfg = Release|iPhone
		{668A9FB7-0E97-4C0A-8EF7-D5CD8C513B93}.Release|iPhone.Build.0 = Release|iPhone
		{668A9FB7-0E97-4C0A-8EF7-D5CD8C513B93}.Release|iPhoneSimulator.ActiveCfg = Release|iPhoneSimulator
		{668A9FB7-0E97-4C0A-8EF7-D5CD8C513B93}.Release|iPhoneSimulator.Build.0 = Release|iPhoneSimulator
		{668A9FB7-0E97-4C0A-8EF7-D5CD8C513B94}.Ad-Hoc|iPhone.ActiveCfg = Ad-Hoc|iPhone
		{668A9FB7-0E97-4C0A-8EF7-D5CD8C513B94}.Ad-Hoc|iPhone.Build.0 = Ad-Hoc|iPhone
		{668A9FB7-0E97-4C0A-8EF7-D5CD8C513B94}.AppStore|iPhone.ActiveCfg = AppStore|iPhone
		{668A9FB7-0E97-4C0A-8EF7-D5CD8C513B94}.AppStore|iPhone.Build.0 = AppStore|iPhone
		{668A9FB7-0E97-4C0A-8EF7-D5CD8C513B94}.Debug|Any CPU.ActiveCfg = Debug|iPhoneSimulator
		{668A9FB7-0E97-4C0A-8EF7-D5CD8C513B94}.Debug|Any CPU.Build.0 = Debug|iPhoneSimulator
		{668A9FB7-0E97-4C0A-8EF7-D5CD8C513B94}.Debug|iPhone.ActiveCfg = Debug|iPhone
		{668A9FB7-0E97-4C0A-8EF7-D5CD8C513B94}.Debug|iPhone.Build.0 = Debug|iPhone
		{668A9FB7-0E97-4C0A-8EF7-D5CD8C513B94}.Debug|iPhoneSimulator.ActiveCfg = Debug|iPhoneSimulator
		{668A9FB7-0E97-4C0A-8EF7-D5CD8C513B94}.Debug|iPhoneSimulator.Build.0 = Debug|iPhoneSimulator
		{668A9FB7-0E97-4C0A-8EF7-D5CD8C513B94}.Release|Any CPU.ActiveCfg = Release|iPhoneSimulator
		{668A9FB7-0E97-4C0A-8EF7-D5CD8C513B94}.Release|Any CPU.Build.0 = Release|iPhoneSimulator
		{668A9FB7-0E97-4C0A-8EF7-D5CD8C513B94}.Release|iPhone.ActiveCfg = Release|iPhone
		{668A9FB7-0E97-4C0A-8EF7-D5CD8C513B94}.Release|iPhone.Build.0 = Release|iPhone
		{668A9FB7-0E97-4C0A-8EF7-D5CD8C513B94}.Release|iPhoneSimulator.ActiveCfg = Release|iPhoneSimulator
		{668A9FB7-0E97-4C0A-8EF7-D5CD8C513B94}.Release|iPhoneSimulator.Build.0 = Release|iPhoneSimulator
		{668A9FB7-0E97-4C0A-8EF7-D5CD8C513B95}.Ad-Hoc|iPhone.ActiveCfg = Ad-Hoc|iPhone
		{668A9FB7-0E97-4C0A-8EF7-D5CD8C513B95}.Ad-Hoc|iPhone.Build.0 = Ad-Hoc|iPhone
		{668A9FB7-0E97-4C0A-8EF7-D5CD8C513B95}.AppStore|iPhone.ActiveCfg = AppStore|iPhone
		{668A9FB7-0E97-4C0A-8EF7-D5CD8C513B95}.AppStore|iPhone.Build.0 = AppStore|iPhone
		{668A9FB7-0E97-4C0A-8EF7-D5CD8C513B95}.Debug|Any CPU.ActiveCfg = Debug|iPhoneSimulator
		{668A9FB7-0E97-4C0A-8EF7-D5CD8C513B95}.Debug|Any CPU.Build.0 = Debug|iPhoneSimulator
		{668A9FB7-0E97-4C0A-8EF7-D5CD8C513B95}.Debug|iPhone.ActiveCfg = Debug|iPhone
		{668A9FB7-0E97-4C0A-8EF7-D5CD8C513B95}.Debug|iPhone.Build.0 = Debug|iPhone
		{668A9FB7-0E97-4C0A-8EF7-D5CD8C513B95}.Debug|iPhoneSimulator.ActiveCfg = Debug|iPhoneSimulator
		{668A9FB7-0E97-4C0A-8EF7-D5CD8C513B95}.Debug|iPhoneSimulator.Build.0 = Debug|iPhoneSimulator
		{668A9FB7-0E97-4C0A-8EF7-D5CD8C513B95}.Release|Any CPU.ActiveCfg = Release|iPhoneSimulator
		{668A9FB7-0E97-4C0A-8EF7-D5CD8C513B97}.Ad-Hoc|iPhone.ActiveCfg = Ad-Hoc|iPhone
		{668A9FB7-0E97-4C0A-8EF7-D5CD8C513B97}.Ad-Hoc|iPhone.Build.0 = Ad-Hoc|iPhone
		{668A9FB7-0E97-4C0A-8EF7-D5CD8C513B97}.AppStore|iPhone.ActiveCfg = AppStore|iPhone
		{668A9FB7-0E97-4C0A-8EF7-D5CD8C513B97}.AppStore|iPhone.Build.0 = AppStore|iPhone
		{668A9FB7-0E97-4C0A-8EF7-D5CD8C513B97}.Debug|Any CPU.ActiveCfg = Debug|iPhoneSimulator
		{668A9FB7-0E97-4C0A-8EF7-D5CD8C513B97}.Debug|Any CPU.Build.0 = Debug|iPhoneSimulator
		{668A9FB7-0E97-4C0A-8EF7-D5CD8C513B97}.Debug|iPhone.ActiveCfg = Debug|iPhone
		{668A9FB7-0E97-4C0A-8EF7-D5CD8C513B97}.Debug|iPhone.Build.0 = Debug|iPhone
		{668A9FB7-0E97-4C0A-8EF7-D5CD8C513B97}.Debug|iPhoneSimulator.ActiveCfg = Debug|iPhoneSimulator
		{668A9FB7-0E97-4C0A-8EF7-D5CD8C513B97}.Debug|iPhoneSimulator.Build.0 = Debug|iPhoneSimulator
		{668A9FB7-0E97-4C0A-8EF7-D5CD8C513B97}.Release|Any CPU.ActiveCfg = Release|iPhoneSimulator
		{668A9FB7-0E97-4C0A-8EF7-D5CD8C513B97}.Release|Any CPU.Build.0 = Release|iPhoneSimulator
		{668A9FB7-0E97-4C0A-8EF7-D5CD8C513B97}.Release|iPhone.ActiveCfg = Release|iPhone
		{668A9FB7-0E97-4C0A-8EF7-D5CD8C513B97}.Release|iPhone.Build.0 = Release|iPhone
		{668A9FB7-0E97-4C0A-8EF7-D5CD8C513B97}.Release|iPhoneSimulator.ActiveCfg = Release|iPhoneSimulator
		{668A9FB7-0E97-4C0A-8EF7-D5CD8C513B97}.Release|iPhoneSimulator.Build.0 = Release|iPhoneSimulator
		{789C36D3-D0A1-4438-BAA7-0B8FE98752A9}.Ad-Hoc|iPhone.ActiveCfg = Debug|Any CPU
		{789C36D3-D0A1-4438-BAA7-0B8FE98752A9}.Ad-Hoc|iPhone.Build.0 = Debug|Any CPU
		{789C36D3-D0A1-4438-BAA7-0B8FE98752A9}.AppStore|iPhone.ActiveCfg = Debug|Any CPU
		{789C36D3-D0A1-4438-BAA7-0B8FE98752A9}.AppStore|iPhone.Build.0 = Debug|Any CPU
		{789C36D3-D0A1-4438-BAA7-0B8FE98752A9}.Debug|Any CPU.ActiveCfg = Debug|Any CPU
		{789C36D3-D0A1-4438-BAA7-0B8FE98752A9}.Debug|Any CPU.Build.0 = Debug|Any CPU
		{789C36D3-D0A1-4438-BAA7-0B8FE98752A9}.Debug|iPhone.ActiveCfg = Debug|Any CPU
		{789C36D3-D0A1-4438-BAA7-0B8FE98752A9}.Debug|iPhone.Build.0 = Debug|Any CPU
		{789C36D3-D0A1-4438-BAA7-0B8FE98752A9}.Debug|iPhoneSimulator.ActiveCfg = Debug|Any CPU
		{789C36D3-D0A1-4438-BAA7-0B8FE98752A9}.Debug|iPhoneSimulator.Build.0 = Debug|Any CPU
		{789C36D3-D0A1-4438-BAA7-0B8FE98752A9}.Release|Any CPU.ActiveCfg = Release|Any CPU
		{789C36D3-D0A1-4438-BAA7-0B8FE98752A9}.Release|Any CPU.Build.0 = Release|Any CPU
		{789C36D3-D0A1-4438-BAA7-0B8FE98752A9}.Release|iPhone.ActiveCfg = Release|Any CPU
		{789C36D3-D0A1-4438-BAA7-0B8FE98752A9}.Release|iPhone.Build.0 = Release|Any CPU
		{789C36D3-D0A1-4438-BAA7-0B8FE98752A9}.Release|iPhoneSimulator.ActiveCfg = Release|Any CPU
		{789C36D3-D0A1-4438-BAA7-0B8FE98752A9}.Release|iPhoneSimulator.Build.0 = Release|Any CPU
		{8C6D003A-D8E1-40F5-91D8-C7FF295DCC23}.Ad-Hoc|iPhone.ActiveCfg = Debug|Any CPU
		{8C6D003A-D8E1-40F5-91D8-C7FF295DCC23}.Ad-Hoc|iPhone.Build.0 = Debug|Any CPU
		{8C6D003A-D8E1-40F5-91D8-C7FF295DCC23}.AppStore|iPhone.ActiveCfg = Debug|Any CPU
		{8C6D003A-D8E1-40F5-91D8-C7FF295DCC23}.AppStore|iPhone.Build.0 = Debug|Any CPU
		{8C6D003A-D8E1-40F5-91D8-C7FF295DCC23}.Debug|Any CPU.ActiveCfg = Debug|Any CPU
		{8C6D003A-D8E1-40F5-91D8-C7FF295DCC23}.Debug|Any CPU.Build.0 = Debug|Any CPU
		{8C6D003A-D8E1-40F5-91D8-C7FF295DCC23}.Debug|iPhone.ActiveCfg = Debug|Any CPU
		{8C6D003A-D8E1-40F5-91D8-C7FF295DCC23}.Debug|iPhone.Build.0 = Debug|Any CPU
		{8C6D003A-D8E1-40F5-91D8-C7FF295DCC23}.Debug|iPhoneSimulator.ActiveCfg = Debug|Any CPU
		{8C6D003A-D8E1-40F5-91D8-C7FF295DCC23}.Debug|iPhoneSimulator.Build.0 = Debug|Any CPU
		{8C6D003A-D8E1-40F5-91D8-C7FF295DCC23}.Release|Any CPU.ActiveCfg = Release|Any CPU
		{8C6D003A-D8E1-40F5-91D8-C7FF295DCC23}.Release|Any CPU.Build.0 = Release|Any CPU
		{8C6D003A-D8E1-40F5-91D8-C7FF295DCC23}.Release|iPhone.ActiveCfg = Release|Any CPU
		{8C6D003A-D8E1-40F5-91D8-C7FF295DCC23}.Release|iPhone.Build.0 = Release|Any CPU
		{8C6D003A-D8E1-40F5-91D8-C7FF295DCC23}.Release|iPhoneSimulator.ActiveCfg = Release|Any CPU
		{8C6D003A-D8E1-40F5-91D8-C7FF295DCC23}.Release|iPhoneSimulator.Build.0 = Release|Any CPU
		{DA5F4C1B-DD45-4524-A2D8-92C267DAD1FB}.Ad-Hoc|iPhone.ActiveCfg = Debug|Any CPU
		{DA5F4C1B-DD45-4524-A2D8-92C267DAD1FB}.Ad-Hoc|iPhone.Build.0 = Debug|Any CPU
		{DA5F4C1B-DD45-4524-A2D8-92C267DAD1FB}.AppStore|iPhone.ActiveCfg = Debug|Any CPU
		{DA5F4C1B-DD45-4524-A2D8-92C267DAD1FB}.AppStore|iPhone.Build.0 = Debug|Any CPU
		{DA5F4C1B-DD45-4524-A2D8-92C267DAD1FB}.Debug|Any CPU.ActiveCfg = Debug|Any CPU
		{DA5F4C1B-DD45-4524-A2D8-92C267DAD1FB}.Debug|Any CPU.Build.0 = Debug|Any CPU
		{DA5F4C1B-DD45-4524-A2D8-92C267DAD1FB}.Debug|iPhone.ActiveCfg = Debug|Any CPU
		{DA5F4C1B-DD45-4524-A2D8-92C267DAD1FB}.Debug|iPhone.Build.0 = Debug|Any CPU
		{DA5F4C1B-DD45-4524-A2D8-92C267DAD1FB}.Debug|iPhoneSimulator.ActiveCfg = Debug|Any CPU
		{DA5F4C1B-DD45-4524-A2D8-92C267DAD1FB}.Debug|iPhoneSimulator.Build.0 = Debug|Any CPU
		{DA5F4C1B-DD45-4524-A2D8-92C267DAD1FB}.Release|Any CPU.ActiveCfg = Release|Any CPU
		{DA5F4C1B-DD45-4524-A2D8-92C267DAD1FB}.Release|Any CPU.Build.0 = Release|Any CPU
		{DA5F4C1B-DD45-4524-A2D8-92C267DAD1FB}.Release|iPhone.ActiveCfg = Release|Any CPU
		{DA5F4C1B-DD45-4524-A2D8-92C267DAD1FB}.Release|iPhone.Build.0 = Release|Any CPU
		{DA5F4C1B-DD45-4524-A2D8-92C267DAD1FB}.Release|iPhoneSimulator.ActiveCfg = Release|Any CPU
		{DA5F4C1B-DD45-4524-A2D8-92C267DAD1FB}.Release|iPhoneSimulator.Build.0 = Release|Any CPU
		{E689180F-46A6-4650-9CC3-BA5D9ECEC3CF}.Ad-Hoc|iPhone.ActiveCfg = Ad-Hoc|iPhone
		{E689180F-46A6-4650-9CC3-BA5D9ECEC3CF}.Ad-Hoc|iPhone.Build.0 = Ad-Hoc|iPhone
		{E689180F-46A6-4650-9CC3-BA5D9ECEC3CF}.AppStore|iPhone.ActiveCfg = AppStore|iPhone
		{E689180F-46A6-4650-9CC3-BA5D9ECEC3CF}.AppStore|iPhone.Build.0 = AppStore|iPhone
		{E689180F-46A6-4650-9CC3-BA5D9ECEC3CF}.Debug|Any CPU.ActiveCfg = Debug|iPhoneSimulator
		{E689180F-46A6-4650-9CC3-BA5D9ECEC3CF}.Debug|Any CPU.Build.0 = Debug|iPhoneSimulator
		{E689180F-46A6-4650-9CC3-BA5D9ECEC3CF}.Debug|iPhone.ActiveCfg = Debug|iPhone
		{E689180F-46A6-4650-9CC3-BA5D9ECEC3CF}.Debug|iPhone.Build.0 = Debug|iPhone
		{E689180F-46A6-4650-9CC3-BA5D9ECEC3CF}.Debug|iPhoneSimulator.ActiveCfg = Debug|iPhoneSimulator
		{E689180F-46A6-4650-9CC3-BA5D9ECEC3CF}.Debug|iPhoneSimulator.Build.0 = Debug|iPhoneSimulator
		{E689180F-46A6-4650-9CC3-BA5D9ECEC3CF}.Release|Any CPU.ActiveCfg = Release|iPhoneSimulator
		{E689180F-46A6-4650-9CC3-BA5D9ECEC3CF}.Release|Any CPU.Build.0 = Release|iPhoneSimulator
		{E689180F-46A6-4650-9CC3-BA5D9ECEC3CF}.Release|iPhone.ActiveCfg = Release|iPhone
		{E689180F-46A6-4650-9CC3-BA5D9ECEC3CF}.Release|iPhone.Build.0 = Release|iPhone
		{E689180F-46A6-4650-9CC3-BA5D9ECEC3CF}.Release|iPhoneSimulator.ActiveCfg = Release|iPhoneSimulator
		{E689180F-46A6-4650-9CC3-BA5D9ECEC3CF}.Release|iPhoneSimulator.Build.0 = Release|iPhoneSimulator
	EndGlobalSection
	GlobalSection(MonoDevelopProperties) = preSolution
		StartupItem = AndroidViews_demo1\Android_demo1.csproj
	EndGlobalSection
EndGlobal
