
Microsoft Visual Studio Solution File, Format Version 11.00
# Visual Studio 2010
Project("{FAE04EC0-301F-11D3-BF4B-00C04F79EFBC}") = "iOS_demo1", "iOS_demo1\iOS_demo1.csproj", "{15D8E98D-D803-4CCC-906F-0960D31DD331}"
EndProject
Project("{FAE04EC0-301F-11D3-BF4B-00C04F79EFBC}") = "iOS_demo2", "iOS_demo2\iOS_demo2.csproj", "{15D8E98D-D803-4CCC-906F-0960D31DD332}"
EndProject
Project("{FAE04EC0-301F-11D3-BF4B-00C04F79EFBC}") = "Android_demo1", "Android_demo1\Android_demo1.csproj", "{5DC0620D-BE8B-40B4-A27F-71CB9CFF49F5}"
EndProject
Project("{FAE04EC0-301F-11D3-BF4B-00C04F79EFBC}") = "Android_demo2", "Android_demo2\Android_demo2.csproj", "{5DC0620D-BE8B-40B4-A27F-71CB9CFF49F4}"
EndProject
Project("{FAE04EC0-301F-11D3-BF4B-00C04F79EFBC}") = "iOS_demo3", "iOS_demo3\iOS_demo3.csproj", "{15D8E98D-D803-4CCC-906F-0960D31DD333}"
EndProject
Global
	GlobalSection(SolutionConfigurationPlatforms) = preSolution
		Debug|iPhoneSimulator = Debug|iPhoneSimulator
		Release|iPhoneSimulator = Release|iPhoneSimulator
		Debug|iPhone = Debug|iPhone
		Release|iPhone = Release|iPhone
	EndGlobalSection
	GlobalSection(ProjectConfigurationPlatforms) = postSolution
		{15D8E98D-D803-4CCC-906F-0960D31DD331}.Debug|iPhone.ActiveCfg = Debug|iPhone
		{15D8E98D-D803-4CCC-906F-0960D31DD331}.Debug|iPhone.Build.0 = Debug|iPhone
		{15D8E98D-D803-4CCC-906F-0960D31DD331}.Debug|iPhoneSimulator.ActiveCfg = Debug|iPhoneSimulator
		{15D8E98D-D803-4CCC-906F-0960D31DD331}.Debug|iPhoneSimulator.Build.0 = Debug|iPhoneSimulator
		{15D8E98D-D803-4CCC-906F-0960D31DD331}.Release|iPhone.ActiveCfg = Release|iPhone
		{15D8E98D-D803-4CCC-906F-0960D31DD331}.Release|iPhone.Build.0 = Release|iPhone
		{15D8E98D-D803-4CCC-906F-0960D31DD331}.Release|iPhoneSimulator.ActiveCfg = Release|iPhoneSimulator
		{15D8E98D-D803-4CCC-906F-0960D31DD331}.Release|iPhoneSimulator.Build.0 = Release|iPhoneSimulator
		{15D8E98D-D803-4CCC-906F-0960D31DD332}.Debug|iPhone.ActiveCfg = Debug|iPhone
		{15D8E98D-D803-4CCC-906F-0960D31DD332}.Debug|iPhone.Build.0 = Debug|iPhone
		{15D8E98D-D803-4CCC-906F-0960D31DD332}.Debug|iPhoneSimulator.ActiveCfg = Debug|iPhoneSimulator
		{15D8E98D-D803-4CCC-906F-0960D31DD332}.Debug|iPhoneSimulator.Build.0 = Debug|iPhoneSimulator
		{15D8E98D-D803-4CCC-906F-0960D31DD332}.Release|iPhone.ActiveCfg = Release|iPhone
		{15D8E98D-D803-4CCC-906F-0960D31DD332}.Release|iPhone.Build.0 = Release|iPhone
		{15D8E98D-D803-4CCC-906F-0960D31DD332}.Release|iPhoneSimulator.ActiveCfg = Release|iPhoneSimulator
		{15D8E98D-D803-4CCC-906F-0960D31DD332}.Release|iPhoneSimulator.Build.0 = Release|iPhoneSimulator
		{15D8E98D-D803-4CCC-906F-0960D31DD333}.Debug|iPhone.ActiveCfg = Debug|iPhone
		{15D8E98D-D803-4CCC-906F-0960D31DD333}.Debug|iPhone.Build.0 = Debug|iPhone
		{15D8E98D-D803-4CCC-906F-0960D31DD333}.Debug|iPhoneSimulator.ActiveCfg = Debug|iPhoneSimulator
		{15D8E98D-D803-4CCC-906F-0960D31DD333}.Debug|iPhoneSimulator.Build.0 = Debug|iPhoneSimulator
		{15D8E98D-D803-4CCC-906F-0960D31DD333}.Release|iPhone.ActiveCfg = Release|iPhone
		{15D8E98D-D803-4CCC-906F-0960D31DD333}.Release|iPhone.Build.0 = Release|iPhone
		{15D8E98D-D803-4CCC-906F-0960D31DD333}.Release|iPhoneSimulator.ActiveCfg = Release|iPhoneSimulator
		{15D8E98D-D803-4CCC-906F-0960D31DD333}.Release|iPhoneSimulator.Build.0 = Release|iPhoneSimulator
		{5DC0620D-BE8B-40B4-A27F-71CB9CFF49F4}.Debug|iPhone.ActiveCfg = Debug|Any CPU
		{5DC0620D-BE8B-40B4-A27F-71CB9CFF49F4}.Debug|iPhone.Build.0 = Debug|Any CPU
		{5DC0620D-BE8B-40B4-A27F-71CB9CFF49F4}.Debug|iPhoneSimulator.ActiveCfg = Debug|Any CPU
		{5DC0620D-BE8B-40B4-A27F-71CB9CFF49F4}.Debug|iPhoneSimulator.Build.0 = Debug|Any CPU
		{5DC0620D-BE8B-40B4-A27F-71CB9CFF49F4}.Release|iPhone.ActiveCfg = Release|Any CPU
		{5DC0620D-BE8B-40B4-A27F-71CB9CFF49F4}.Release|iPhone.Build.0 = Release|Any CPU
		{5DC0620D-BE8B-40B4-A27F-71CB9CFF49F4}.Release|iPhoneSimulator.ActiveCfg = Release|Any CPU
		{5DC0620D-BE8B-40B4-A27F-71CB9CFF49F4}.Release|iPhoneSimulator.Build.0 = Release|Any CPU
		{5DC0620D-BE8B-40B4-A27F-71CB9CFF49F5}.Debug|iPhone.ActiveCfg = Debug|Any CPU
		{5DC0620D-BE8B-40B4-A27F-71CB9CFF49F5}.Debug|iPhone.Build.0 = Debug|Any CPU
		{5DC0620D-BE8B-40B4-A27F-71CB9CFF49F5}.Debug|iPhoneSimulator.ActiveCfg = Debug|Any CPU
		{5DC0620D-BE8B-40B4-A27F-71CB9CFF49F5}.Debug|iPhoneSimulator.Build.0 = Debug|Any CPU
		{5DC0620D-BE8B-40B4-A27F-71CB9CFF49F5}.Release|iPhone.ActiveCfg = Release|Any CPU
		{5DC0620D-BE8B-40B4-A27F-71CB9CFF49F5}.Release|iPhone.Build.0 = Release|Any CPU
		{5DC0620D-BE8B-40B4-A27F-71CB9CFF49F5}.Release|iPhoneSimulator.ActiveCfg = Release|Any CPU
		{5DC0620D-BE8B-40B4-A27F-71CB9CFF49F5}.Release|iPhoneSimulator.Build.0 = Release|Any CPU
	EndGlobalSection
	GlobalSection(MonoDevelopProperties) = preSolution
		StartupItem = Android_demo2\Android_demo2.csproj
	EndGlobalSection
EndGlobal
